// !$*UTF8*$!
{
	archiveVersion = 1;
	classes = {
	};
	objectVersion = 48;
	objects = {

/* Begin PBXBuildFile section */
		18BBFA872051098B0067662F /* AppDelegate.swift in Sources */ = {isa = PBXBuildFile; fileRef = 18BBFA862051098B0067662F /* AppDelegate.swift */; };
		18BBFA892051098C0067662F /* ViewController.swift in Sources */ = {isa = PBXBuildFile; fileRef = 18BBFA882051098C0067662F /* ViewController.swift */; };
		18BBFA8C2051098C0067662F /* Main.storyboard in Resources */ = {isa = PBXBuildFile; fileRef = 18BBFA8A2051098C0067662F /* Main.storyboard */; };
		18BBFA8F2051098C0067662F /* AdForest.xcdatamodeld in Sources */ = {isa = PBXBuildFile; fileRef = 18BBFA8D2051098C0067662F /* AdForest.xcdatamodeld */; };
		18BBFA912051098C0067662F /* Assets.xcassets in Resources */ = {isa = PBXBuildFile; fileRef = 18BBFA902051098C0067662F /* Assets.xcassets */; };
		18BBFA942051098C0067662F /* LaunchScreen.storyboard in Resources */ = {isa = PBXBuildFile; fileRef = 18BBFA922051098C0067662F /* LaunchScreen.storyboard */; };
		18BBFA9F2051098C0067662F /* AdForestTests.swift in Sources */ = {isa = PBXBuildFile; fileRef = 18BBFA9E2051098C0067662F /* AdForestTests.swift */; };
		18BBFAAA2051098C0067662F /* AdForestUITests.swift in Sources */ = {isa = PBXBuildFile; fileRef = 18BBFAA92051098C0067662F /* AdForestUITests.swift */; };
/* End PBXBuildFile section */

/* Begin PBXContainerItemProxy section */
		18BBFA9B2051098C0067662F /* PBXContainerItemProxy */ = {
			isa = PBXContainerItemProxy;
			containerPortal = 18BBFA7B2051098B0067662F /* Project object */;
			proxyType = 1;
			remoteGlobalIDString = 18BBFA822051098B0067662F;
			remoteInfo = AdForest;
		};
		18BBFAA62051098C0067662F /* PBXContainerItemProxy */ = {
			isa = PBXContainerItemProxy;
			containerPortal = 18BBFA7B2051098B0067662F /* Project object */;
			proxyType = 1;
			remoteGlobalIDString = 18BBFA822051098B0067662F;
			remoteInfo = AdForest;
		};
/* End PBXContainerItemProxy section */

/* Begin PBXFileReference section */
		18BBFA832051098B0067662F /* AdForest.app */ = {isa = PBXFileReference; explicitFileType = wrapper.application; includeInIndex = 0; path = AdForest.app; sourceTree = BUILT_PRODUCTS_DIR; };
		18BBFA862051098B0067662F /* AppDelegate.swift */ = {isa = PBXFileReference; lastKnownFileType = sourcecode.swift; path = AppDelegate.swift; sourceTree = "<group>"; };
		18BBFA882051098C0067662F /* ViewController.swift */ = {isa = PBXFileReference; lastKnownFileType = sourcecode.swift; path = ViewController.swift; sourceTree = "<group>"; };
		18BBFA8B2051098C0067662F /* Base */ = {isa = PBXFileReference; lastKnownFileType = file.storyboard; name = Base; path = Base.lproj/Main.storyboard; sourceTree = "<group>"; };
		18BBFA8E2051098C0067662F /* AdForest.xcdatamodel */ = {isa = PBXFileReference; lastKnownFileType = wrapper.xcdatamodel; path = AdForest.xcdatamodel; sourceTree = "<group>"; };
		18BBFA902051098C0067662F /* Assets.xcassets */ = {isa = PBXFileReference; lastKnownFileType = folder.assetcatalog; path = Assets.xcassets; sourceTree = "<group>"; };
		18BBFA932051098C0067662F /* Base */ = {isa = PBXFileReference; lastKnownFileType = file.storyboard; name = Base; path = Base.lproj/LaunchScreen.storyboard; sourceTree = "<group>"; };
		18BBFA952051098C0067662F /* Info.plist */ = {isa = PBXFileReference; lastKnownFileType = text.plist.xml; path = Info.plist; sourceTree = "<group>"; };
		18BBFA9A2051098C0067662F /* AdForestTests.xctest */ = {isa = PBXFileReference; explicitFileType = wrapper.cfbundle; includeInIndex = 0; path = AdForestTests.xctest; sourceTree = BUILT_PRODUCTS_DIR; };
		18BBFA9E2051098C0067662F /* AdForestTests.swift */ = {isa = PBXFileReference; lastKnownFileType = sourcecode.swift; path = AdForestTests.swift; sourceTree = "<group>"; };
		18BBFAA02051098C0067662F /* Info.plist */ = {isa = PBXFileReference; lastKnownFileType = text.plist.xml; path = Info.plist; sourceTree = "<group>"; };
		18BBFAA52051098C0067662F /* AdForestUITests.xctest */ = {isa = PBXFileReference; explicitFileType = wrapper.cfbundle; includeInIndex = 0; path = AdForestUITests.xctest; sourceTree = BUILT_PRODUCTS_DIR; };
		18BBFAA92051098C0067662F /* AdForestUITests.swift */ = {isa = PBXFileReference; lastKnownFileType = sourcecode.swift; path = AdForestUITests.swift; sourceTree = "<group>"; };
		18BBFAAB2051098C0067662F /* Info.plist */ = {isa = PBXFileReference; lastKnownFileType = text.plist.xml; path = Info.plist; sourceTree = "<group>"; };
/* End PBXFileReference section */

/* Begin PBXFrameworksBuildPhase section */
		18BBFA802051098B0067662F /* Frameworks */ = {
			isa = PBXFrameworksBuildPhase;
			buildActionMask = 2147483647;
			files = (
			);
			runOnlyForDeploymentPostprocessing = 0;
		};
		18BBFA972051098C0067662F /* Frameworks */ = {
			isa = PBXFrameworksBuildPhase;
			buildActionMask = 2147483647;
			files = (
			);
			runOnlyForDeploymentPostprocessing = 0;
		};
		18BBFAA22051098C0067662F /* Frameworks */ = {
			isa = PBXFrameworksBuildPhase;
			buildActionMask = 2147483647;
			files = (
			);
			runOnlyForDeploymentPostprocessing = 0;
		};
/* End PBXFrameworksBuildPhase section */

/* Begin PBXGroup section */
		18BBFA7A2051098B0067662F = {
			isa = PBXGroup;
			children = (
				18BBFA852051098B0067662F /* AdForest */,
				18BBFA9D2051098C0067662F /* AdForestTests */,
				18BBFAA82051098C0067662F /* AdForestUITests */,
				18BBFA842051098B0067662F /* Products */,
			);
			sourceTree = "<group>";
		};
		18BBFA842051098B0067662F /* Products */ = {
			isa = PBXGroup;
			children = (
				18BBFA832051098B0067662F /* AdForest.app */,
				18BBFA9A2051098C0067662F /* AdForestTests.xctest */,
				18BBFAA52051098C0067662F /* AdForestUITests.xctest */,
			);
			name = Products;
			sourceTree = "<group>";
		};
		18BBFA852051098B0067662F /* AdForest */ = {
			isa = PBXGroup;
			children = (
				18BBFA862051098B0067662F /* AppDelegate.swift */,
				18BBFA882051098C0067662F /* ViewController.swift */,
				18BBFA8A2051098C0067662F /* Main.storyboard */,
				18BBFA902051098C0067662F /* Assets.xcassets */,
				18BBFA922051098C0067662F /* LaunchScreen.storyboard */,
				18BBFA952051098C0067662F /* Info.plist */,
				18BBFA8D2051098C0067662F /* AdForest.xcdatamodeld */,
			);
			path = AdForest;
			sourceTree = "<group>";
		};
		18BBFA9D2051098C0067662F /* AdForestTests */ = {
			isa = PBXGroup;
			children = (
				18BBFA9E2051098C0067662F /* AdForestTests.swift */,
				18BBFAA02051098C0067662F /* Info.plist */,
			);
			path = AdForestTests;
			sourceTree = "<group>";
		};
		18BBFAA82051098C0067662F /* AdForestUITests */ = {
			isa = PBXGroup;
			children = (
				18BBFAA92051098C0067662F /* AdForestUITests.swift */,
				18BBFAAB2051098C0067662F /* Info.plist */,
			);
			path = AdForestUITests;
			sourceTree = "<group>";
		};
/* End PBXGroup section */

/* Begin PBXNativeTarget section */
		18BBFA822051098B0067662F /* AdForest */ = {
			isa = PBXNativeTarget;
			buildConfigurationList = 18BBFAAE2051098C0067662F /* Build configuration list for PBXNativeTarget "AdForest" */;
			buildPhases = (
				18BBFA7F2051098B0067662F /* Sources */,
				18BBFA802051098B0067662F /* Frameworks */,
				18BBFA812051098B0067662F /* Resources */,
			);
			buildRules = (
			);
			dependencies = (
			);
			name = AdForest;
			productName = AdForest;
			productReference = 18BBFA832051098B0067662F /* AdForest.app */;
			productType = "com.apple.product-type.application";
		};
		18BBFA992051098C0067662F /* AdForestTests */ = {
			isa = PBXNativeTarget;
			buildConfigurationList = 18BBFAB12051098C0067662F /* Build configuration list for PBXNativeTarget "AdForestTests" */;
			buildPhases = (
				18BBFA962051098C0067662F /* Sources */,
				18BBFA972051098C0067662F /* Frameworks */,
				18BBFA982051098C0067662F /* Resources */,
			);
			buildRules = (
			);
			dependencies = (
				18BBFA9C2051098C0067662F /* PBXTargetDependency */,
			);
			name = AdForestTests;
			productName = AdForestTests;
			productReference = 18BBFA9A2051098C0067662F /* AdForestTests.xctest */;
			productType = "com.apple.product-type.bundle.unit-test";
		};
		18BBFAA42051098C0067662F /* AdForestUITests */ = {
			isa = PBXNativeTarget;
			buildConfigurationList = 18BBFAB42051098C0067662F /* Build configuration list for PBXNativeTarget "AdForestUITests" */;
			buildPhases = (
				18BBFAA12051098C0067662F /* Sources */,
				18BBFAA22051098C0067662F /* Frameworks */,
				18BBFAA32051098C0067662F /* Resources */,
			);
			buildRules = (
			);
			dependencies = (
				18BBFAA72051098C0067662F /* PBXTargetDependency */,
			);
			name = AdForestUITests;
			productName = AdForestUITests;
			productReference = 18BBFAA52051098C0067662F /* AdForestUITests.xctest */;
			productType = "com.apple.product-type.bundle.ui-testing";
		};
/* End PBXNativeTarget section */

/* Begin PBXProject section */
		18BBFA7B2051098B0067662F /* Project object */ = {
			isa = PBXProject;
			attributes = {
				LastSwiftUpdateCheck = 0920;
				LastUpgradeCheck = 0920;
				ORGANIZATIONNAME = apple;
				TargetAttributes = {
					18BBFA822051098B0067662F = {
						CreatedOnToolsVersion = 9.2;
						ProvisioningStyle = Automatic;
					};
					18BBFA992051098C0067662F = {
						CreatedOnToolsVersion = 9.2;
						ProvisioningStyle = Automatic;
						TestTargetID = 18BBFA822051098B0067662F;
					};
					18BBFAA42051098C0067662F = {
						CreatedOnToolsVersion = 9.2;
						ProvisioningStyle = Automatic;
						TestTargetID = 18BBFA822051098B0067662F;
					};
				};
			};
			buildConfigurationList = 18BBFA7E2051098B0067662F /* Build configuration list for PBXProject "AdForest" */;
			compatibilityVersion = "Xcode 8.0";
			developmentRegion = en;
			hasScannedForEncodings = 0;
			knownRegions = (
				en,
				Base,
			);
			mainGroup = 18BBFA7A2051098B0067662F;
			productRefGroup = 18BBFA842051098B0067662F /* Products */;
			projectDirPath = "";
			projectRoot = "";
			targets = (
				18BBFA822051098B0067662F /* AdForest */,
				18BBFA992051098C0067662F /* AdForestTests */,
				18BBFAA42051098C0067662F /* AdForestUITests */,
			);
		};
/* End PBXProject section */

/* Begin PBXResourcesBuildPhase section */
		18BBFA812051098B0067662F /* Resources */ = {
			isa = PBXResourcesBuildPhase;
			buildActionMask = 2147483647;
			files = (
				18BBFA942051098C0067662F /* LaunchScreen.storyboard in Resources */,
				18BBFA912051098C0067662F /* Assets.xcassets in Resources */,
				18BBFA8C2051098C0067662F /* Main.storyboard in Resources */,
			);
			runOnlyForDeploymentPostprocessing = 0;
		};
		18BBFA982051098C0067662F /* Resources */ = {
			isa = PBXResourcesBuildPhase;
			buildActionMask = 2147483647;
			files = (
			);
			runOnlyForDeploymentPostprocessing = 0;
		};
		18BBFAA32051098C0067662F /* Resources */ = {
			isa = PBXResourcesBuildPhase;
			buildActionMask = 2147483647;
			files = (
			);
			runOnlyForDeploymentPostprocessing = 0;
		};
/* End PBXResourcesBuildPhase section */

/* Begin PBXSourcesBuildPhase section */
		18BBFA7F2051098B0067662F /* Sources */ = {
			isa = PBXSourcesBuildPhase;
			buildActionMask = 2147483647;
			files = (
				18BBFA892051098C0067662F /* ViewController.swift in Sources */,
				18BBFA872051098B0067662F /* AppDelegate.swift in Sources */,
				18BBFA8F2051098C0067662F /* AdForest.xcdatamodeld in Sources */,
			);
			runOnlyForDeploymentPostprocessing = 0;
		};
		18BBFA962051098C0067662F /* Sources */ = {
			isa = PBXSourcesBuildPhase;
			buildActionMask = 2147483647;
			files = (
				18BBFA9F2051098C0067662F /* AdForestTests.swift in Sources */,
			);
			runOnlyForDeploymentPostprocessing = 0;
		};
		18BBFAA12051098C0067662F /* Sources */ = {
			isa = PBXSourcesBuildPhase;
			buildActionMask = 2147483647;
			files = (
				18BBFAAA2051098C0067662F /* AdForestUITests.swift in Sources */,
			);
			runOnlyForDeploymentPostprocessing = 0;
		};
/* End PBXSourcesBuildPhase section */

/* Begin PBXTargetDependency section */
		18BBFA9C2051098C0067662F /* PBXTargetDependency */ = {
			isa = PBXTargetDependency;
			target = 18BBFA822051098B0067662F /* AdForest */;
			targetProxy = 18BBFA9B2051098C0067662F /* PBXContainerItemProxy */;
		};
		18BBFAA72051098C0067662F /* PBXTargetDependency */ = {
			isa = PBXTargetDependency;
			target = 18BBFA822051098B0067662F /* AdForest */;
			targetProxy = 18BBFAA62051098C0067662F /* PBXContainerItemProxy */;
		};
/* End PBXTargetDependency section */

/* Begin PBXVariantGroup section */
		18BBFA8A2051098C0067662F /* Main.storyboard */ = {
			isa = PBXVariantGroup;
			children = (
				18BBFA8B2051098C0067662F /* Base */,
			);
			name = Main.storyboard;
			sourceTree = "<group>";
		};
		18BBFA922051098C0067662F /* LaunchScreen.storyboard */ = {
			isa = PBXVariantGroup;
			children = (
				18BBFA932051098C0067662F /* Base */,
			);
			name = LaunchScreen.storyboard;
			sourceTree = "<group>";
		};
/* End PBXVariantGroup section */

/* Begin XCBuildConfiguration section */
		18BBFAAC2051098C0067662F /* Debug */ = {
			isa = XCBuildConfiguration;
			buildSettings = {
				ALWAYS_SEARCH_USER_PATHS = NO;
				CLANG_ANALYZER_NONNULL = YES;
				CLANG_ANALYZER_NUMBER_OBJECT_CONVERSION = YES_AGGRESSIVE;
				CLANG_CXX_LANGUAGE_STANDARD = "gnu++14";
				CLANG_CXX_LIBRARY = "libc++";
				CLANG_ENABLE_MODULES = YES;
				CLANG_ENABLE_OBJC_ARC = YES;
				CLANG_WARN_BLOCK_CAPTURE_AUTORELEASING = YES;
				CLANG_WARN_BOOL_CONVERSION = YES;
				CLANG_WARN_COMMA = YES;
				CLANG_WARN_CONSTANT_CONVERSION = YES;
				CLANG_WARN_DIRECT_OBJC_ISA_USAGE = YES_ERROR;
				CLANG_WARN_DOCUMENTATION_COMMENTS = YES;
				CLANG_WARN_EMPTY_BODY = YES;
				CLANG_WARN_ENUM_CONVERSION = YES;
				CLANG_WARN_INFINITE_RECURSION = YES;
				CLANG_WARN_INT_CONVERSION = YES;
				CLANG_WARN_NON_LITERAL_NULL_CONVERSION = YES;
				CLANG_WARN_OBJC_LITERAL_CONVERSION = YES;
				CLANG_WARN_OBJC_ROOT_CLASS = YES_ERROR;
				CLANG_WARN_RANGE_LOOP_ANALYSIS = YES;
				CLANG_WARN_STRICT_PROTOTYPES = YES;
				CLANG_WARN_SUSPICIOUS_MOVE = YES;
				CLANG_WARN_UNGUARDED_AVAILABILITY = YES_AGGRESSIVE;
				CLANG_WARN_UNREACHABLE_CODE = YES;
				CLANG_WARN__DUPLICATE_METHOD_MATCH = YES;
				CODE_SIGN_IDENTITY = "iPhone Developer";
				COPY_PHASE_STRIP = NO;
				DEBUG_INFORMATION_FORMAT = dwarf;
				ENABLE_STRICT_OBJC_MSGSEND = YES;
				ENABLE_TESTABILITY = YES;
				GCC_C_LANGUAGE_STANDARD = gnu11;
				GCC_DYNAMIC_NO_PIC = NO;
				GCC_NO_COMMON_BLOCKS = YES;
				GCC_OPTIMIZATION_LEVEL = 0;
				GCC_PREPROCESSOR_DEFINITIONS = (
					"DEBUG=1",
					"$(inherited)",
				);
				GCC_WARN_64_TO_32_BIT_CONVERSION = YES;
				GCC_WARN_ABOUT_RETURN_TYPE = YES_ERROR;
				GCC_WARN_UNDECLARED_SELECTOR = YES;
				GCC_WARN_UNINITIALIZED_AUTOS = YES_AGGRESSIVE;
				GCC_WARN_UNUSED_FUNCTION = YES;
				GCC_WARN_UNUSED_VARIABLE = YES;
				IPHONEOS_DEPLOYMENT_TARGET = 11.2;
				MTL_ENABLE_DEBUG_INFO = YES;
				ONLY_ACTIVE_ARCH = YES;
				SDKROOT = iphoneos;
				SWIFT_ACTIVE_COMPILATION_CONDITIONS = DEBUG;
				SWIFT_OPTIMIZATION_LEVEL = "-Onone";
			};
			name = Debug;
		};
		18BBFAAD2051098C0067662F /* Release */ = {
			isa = XCBuildConfiguration;
			buildSettings = {
				ALWAYS_SEARCH_USER_PATHS = NO;
				CLANG_ANALYZER_NONNULL = YES;
				CLANG_ANALYZER_NUMBER_OBJECT_CONVERSION = YES_AGGRESSIVE;
				CLANG_CXX_LANGUAGE_STANDARD = "gnu++14";
				CLANG_CXX_LIBRARY = "libc++";
				CLANG_ENABLE_MODULES = YES;
				CLANG_ENABLE_OBJC_ARC = YES;
				CLANG_WARN_BLOCK_CAPTURE_AUTORELEASING = YES;
				CLANG_WARN_BOOL_CONVERSION = YES;
				CLANG_WARN_COMMA = YES;
				CLANG_WARN_CONSTANT_CONVERSION = YES;
				CLANG_WARN_DIRECT_OBJC_ISA_USAGE = YES_ERROR;
				CLANG_WARN_DOCUMENTATION_COMMENTS = YES;
				CLANG_WARN_EMPTY_BODY = YES;
				CLANG_WARN_ENUM_CONVERSION = YES;
				CLANG_WARN_INFINITE_RECURSION = YES;
				CLANG_WARN_INT_CONVERSION = YES;
				CLANG_WARN_NON_LITERAL_NULL_CONVERSION = YES;
				CLANG_WARN_OBJC_LITERAL_CONVERSION = YES;
				CLANG_WARN_OBJC_ROOT_CLASS = YES_ERROR;
				CLANG_WARN_RANGE_LOOP_ANALYSIS = YES;
				CLANG_WARN_STRICT_PROTOTYPES = YES;
				CLANG_WARN_SUSPICIOUS_MOVE = YES;
				CLANG_WARN_UNGUARDED_AVAILABILITY = YES_AGGRESSIVE;
				CLANG_WARN_UNREACHABLE_CODE = YES;
				CLANG_WARN__DUPLICATE_METHOD_MATCH = YES;
				CODE_SIGN_IDENTITY = "iPhone Developer";
				COPY_PHASE_STRIP = NO;
				DEBUG_INFORMATION_FORMAT = "dwarf-with-dsym";
				ENABLE_NS_ASSERTIONS = NO;
				ENABLE_STRICT_OBJC_MSGSEND = YES;
				GCC_C_LANGUAGE_STANDARD = gnu11;
				GCC_NO_COMMON_BLOCKS = YES;
				GCC_WARN_64_TO_32_BIT_CONVERSION = YES;
				GCC_WARN_ABOUT_RETURN_TYPE = YES_ERROR;
				GCC_WARN_UNDECLARED_SELECTOR = YES;
				GCC_WARN_UNINITIALIZED_AUTOS = YES_AGGRESSIVE;
				GCC_WARN_UNUSED_FUNCTION = YES;
				GCC_WARN_UNUSED_VARIABLE = YES;
				IPHONEOS_DEPLOYMENT_TARGET = 11.2;
				MTL_ENABLE_DEBUG_INFO = NO;
				SDKROOT = iphoneos;
				SWIFT_OPTIMIZATION_LEVEL = "-Owholemodule";
				VALIDATE_PRODUCT = YES;
			};
			name = Release;
		};
		18BBFAAF2051098C0067662F /* Debug */ = {
			isa = XCBuildConfiguration;
			buildSettings = {
				ASSETCATALOG_COMPILER_APPICON_NAME = AppIcon;
				CODE_SIGN_STYLE = Automatic;
				DEVELOPMENT_TEAM = 64PZTRVPF8;
				INFOPLIST_FILE = AdForest/Info.plist;
				LD_RUNPATH_SEARCH_PATHS = "$(inherited) @executable_path/Frameworks";
				PRODUCT_BUNDLE_IDENTIFIER = com.GlixenTech.AdForest;
				PRODUCT_NAME = "$(TARGET_NAME)";
				SWIFT_VERSION = 4.0;
				TARGETED_DEVICE_FAMILY = "1,2";
			};
			name = Debug;
		};
		18BBFAB02051098C0067662F /* Release */ = {
			isa = XCBuildConfiguration;
			buildSettings = {
				ASSETCATALOG_COMPILER_APPICON_NAME = AppIcon;
				CODE_SIGN_STYLE = Automatic;
				DEVELOPMENT_TEAM = 64PZTRVPF8;
				INFOPLIST_FILE = AdForest/Info.plist;
				LD_RUNPATH_SEARCH_PATHS = "$(inherited) @executable_path/Frameworks";
				PRODUCT_BUNDLE_IDENTIFIER = com.GlixenTech.AdForest;
				PRODUCT_NAME = "$(TARGET_NAME)";
				SWIFT_VERSION = 4.0;
				TARGETED_DEVICE_FAMILY = "1,2";
			};
			name = Release;
		};
		18BBFAB22051098C0067662F /* Debug */ = {
			isa = XCBuildConfiguration;
			buildSettings = {
				ALWAYS_EMBED_SWIFT_STANDARD_LIBRARIES = YES;
				BUNDLE_LOADER = "$(TEST_HOST)";
				CODE_SIGN_STYLE = Automatic;
				DEVELOPMENT_TEAM = 64PZTRVPF8;
				INFOPLIST_FILE = AdForestTests/Info.plist;
				LD_RUNPATH_SEARCH_PATHS = "$(inherited) @executable_path/Frameworks @loader_path/Frameworks";
				PRODUCT_BUNDLE_IDENTIFIER = com.GlixenTech.AdForestTests;
				PRODUCT_NAME = "$(TARGET_NAME)";
				SWIFT_VERSION = 4.0;
				TARGETED_DEVICE_FAMILY = "1,2";
				TEST_HOST = "$(BUILT_PRODUCTS_DIR)/AdForest.app/AdForest";
			};
			name = Debug;
		};
		18BBFAB32051098C0067662F /* Release */ = {
			isa = XCBuildConfiguration;
			buildSettings = {
				ALWAYS_EMBED_SWIFT_STANDARD_LIBRARIES = YES;
				BUNDLE_LOADER = "$(TEST_HOST)";
				CODE_SIGN_STYLE = Automatic;
				DEVELOPMENT_TEAM = 64PZTRVPF8;
				INFOPLIST_FILE = AdForestTests/Info.plist;
				LD_RUNPATH_SEARCH_PATHS = "$(inherited) @executable_path/Frameworks @loader_path/Frameworks";
				PRODUCT_BUNDLE_IDENTIFIER = com.GlixenTech.AdForestTests;
				PRODUCT_NAME = "$(TARGET_NAME)";
				SWIFT_VERSION = 4.0;
				TARGETED_DEVICE_FAMILY = "1,2";
				TEST_HOST = "$(BUILT_PRODUCTS_DIR)/AdForest.app/AdForest";
			};
			name = Release;
		};
		18BBFAB52051098C0067662F /* Debug */ = {
			isa = XCBuildConfiguration;
			buildSettings = {
				ALWAYS_EMBED_SWIFT_STANDARD_LIBRARIES = YES;
				CODE_SIGN_STYLE = Automatic;
				DEVELOPMENT_TEAM = 64PZTRVPF8;
				INFOPLIST_FILE = AdForestUITests/Info.plist;
				LD_RUNPATH_SEARCH_PATHS = "$(inherited) @executable_path/Frameworks @loader_path/Frameworks";
				PRODUCT_BUNDLE_IDENTIFIER = com.GlixenTech.AdForestUITests;
				PRODUCT_NAME = "$(TARGET_NAME)";
				SWIFT_VERSION = 4.0;
				TARGETED_DEVICE_FAMILY = "1,2";
				TEST_TARGET_NAME = AdForest;
			};
			name = Debug;
		};
		18BBFAB62051098C0067662F /* Release */ = {
			isa = XCBuildConfiguration;
			buildSettings = {
				ALWAYS_EMBED_SWIFT_STANDARD_LIBRARIES = YES;
				CODE_SIGN_STYLE = Automatic;
				DEVELOPMENT_TEAM = 64PZTRVPF8;
				INFOPLIST_FILE = AdForestUITests/Info.plist;
				LD_RUNPATH_SEARCH_PATHS = "$(inherited) @executable_path/Frameworks @loader_path/Frameworks";
				PRODUCT_BUNDLE_IDENTIFIER = com.GlixenTech.AdForestUITests;
				PRODUCT_NAME = "$(TARGET_NAME)";
				SWIFT_VERSION = 4.0;
				TARGETED_DEVICE_FAMILY = "1,2";
				TEST_TARGET_NAME = AdForest;
			};
			name = Release;
		};
/* End XCBuildConfiguration section */

/* Begin XCConfigurationList section */
		18BBFA7E2051098B0067662F /* Build configuration list for PBXProject "AdForest" */ = {
			isa = XCConfigurationList;
			buildConfigurations = (
				18BBFAAC2051098C0067662F /* Debug */,
				18BBFAAD2051098C0067662F /* Release */,
			);
			defaultConfigurationIsVisible = 0;
			defaultConfigurationName = Release;
		};
		18BBFAAE2051098C0067662F /* Build configuration list for PBXNativeTarget "AdForest" */ = {
			isa = XCConfigurationList;
			buildConfigurations = (
				18BBFAAF2051098C0067662F /* Debug */,
				18BBFAB02051098C0067662F /* Release */,
			);
			defaultConfigurationIsVisible = 0;
			defaultConfigurationName = Release;
		};
		18BBFAB12051098C0067662F /* Build configuration list for PBXNativeTarget "AdForestTests" */ = {
			isa = XCConfigurationList;
			buildConfigurations = (
				18BBFAB22051098C0067662F /* Debug */,
				18BBFAB32051098C0067662F /* Release */,
			);
			defaultConfigurationIsVisible = 0;
			defaultConfigurationName = Release;
		};
		18BBFAB42051098C0067662F /* Build configuration list for PBXNativeTarget "AdForestUITests" */ = {
			isa = XCConfigurationList;
			buildConfigurations = (
				18BBFAB52051098C0067662F /* Debug */,
				18BBFAB62051098C0067662F /* Release */,
			);
			defaultConfigurationIsVisible = 0;
			defaultConfigurationName = Release;
		};
/* End XCConfigurationList section */

/* Begin XCVersionGroup section */
		18BBFA8D2051098C0067662F /* AdForest.xcdatamodeld */ = {
			isa = XCVersionGroup;
			children = (
				18BBFA8E2051098C0067662F /* AdForest.xcdatamodel */,
			);
			currentVersion = 18BBFA8E2051098C0067662F /* AdForest.xcdatamodel */;
			path = AdForest.xcdatamodeld;
			sourceTree = "<group>";
			versionGroupType = wrapper.xcdatamodel;
		};
/* End XCVersionGroup section */
	};
	rootObject = 18BBFA7B2051098B0067662F /* Project object */;
}
